
Microsoft Visual Studio Solution File, Format Version 12.00
# Visual Studio Version 16
VisualStudioVersion = 16.0.30523.141
MinimumVisualStudioVersion = 10.0.40219.1
Project("{9A19103F-16F7-4668-BE54-9A1E7A4F7556}") = "Classes-Fundamentals", "Classes-Fundamentals\Classes-Fundamentals.csproj", "{14760D5C-C552-4F61-8763-C4CE1BA783F4}"
EndProject
Project("{9A19103F-16F7-4668-BE54-9A1E7A4F7556}") = "StoreBoxes", "StoreBoxes\StoreBoxes.csproj", "{63FDE6D7-3CCE-47A0-A286-035F7D785647}"
EndProject
Project("{9A19103F-16F7-4668-BE54-9A1E7A4F7556}") = "VehicleCatalogue", "VehicleCatalogue\VehicleCatalogue.csproj", "{6BBD8BA9-8380-417C-AF28-6B55E5105648}"
EndProject
Project("{FAE04EC0-301F-11D3-BF4B-00C04F79EFBC}") = "01.CompanyRoster", "01.CompanyRoster\01.CompanyRoster.csproj", "{841A0F5B-C656-4536-A3DD-17EF5411A539}"
EndProject
Project("{FAE04EC0-301F-11D3-BF4B-00C04F79EFBC}") = "01.AdvertismentMessage", "01.AdvertismentMessage\01.AdvertismentMessage.csproj", "{BD32D033-A4C1-4678-9A99-DACC52062569}"
EndProject
Project("{FAE04EC0-301F-11D3-BF4B-00C04F79EFBC}") = "02.Authors", "02.Authors\02.Authors.csproj", "{FF9AF452-E915-4233-AA52-553916BAF113}"
EndProject
Project("{FAE04EC0-301F-11D3-BF4B-00C04F79EFBC}") = "04.Students", "04.Students\04.Students.csproj", "{4607C6DB-3DA0-4D2F-8EAF-D2157A94FD22}"
EndProject
Project("{FAE04EC0-301F-11D3-BF4B-00C04F79EFBC}") = "05.TeamWorkProject", "05.TeamWorkProject\05.TeamWorkProject.csproj", "{70F691D1-7BF1-424E-9846-FBE677705550}"
EndProject
Global
	GlobalSection(SolutionConfigurationPlatforms) = preSolution
		Debug|Any CPU = Debug|Any CPU
		Release|Any CPU = Release|Any CPU
	EndGlobalSection
	GlobalSection(ProjectConfigurationPlatforms) = postSolution
		{14760D5C-C552-4F61-8763-C4CE1BA783F4}.Debug|Any CPU.ActiveCfg = Debug|Any CPU
		{14760D5C-C552-4F61-8763-C4CE1BA783F4}.Debug|Any CPU.Build.0 = Debug|Any CPU
		{14760D5C-C552-4F61-8763-C4CE1BA783F4}.Release|Any CPU.ActiveCfg = Release|Any CPU
		{14760D5C-C552-4F61-8763-C4CE1BA783F4}.Release|Any CPU.Build.0 = Release|Any CPU
		{63FDE6D7-3CCE-47A0-A286-035F7D785647}.Debug|Any CPU.ActiveCfg = Debug|Any CPU
		{63FDE6D7-3CCE-47A0-A286-035F7D785647}.Debug|Any CPU.Build.0 = Debug|Any CPU
		{63FDE6D7-3CCE-47A0-A286-035F7D785647}.Release|Any CPU.ActiveCfg = Release|Any CPU
		{63FDE6D7-3CCE-47A0-A286-035F7D785647}.Release|Any CPU.Build.0 = Release|Any CPU
		{6BBD8BA9-8380-417C-AF28-6B55E5105648}.Debug|Any CPU.ActiveCfg = Debug|Any CPU
		{6BBD8BA9-8380-417C-AF28-6B55E5105648}.Debug|Any CPU.Build.0 = Debug|Any CPU
		{6BBD8BA9-8380-417C-AF28-6B55E5105648}.Release|Any CPU.ActiveCfg = Release|Any CPU
		{6BBD8BA9-8380-417C-AF28-6B55E5105648}.Release|Any CPU.Build.0 = Release|Any CPU
		{841A0F5B-C656-4536-A3DD-17EF5411A539}.Debug|Any CPU.ActiveCfg = Debug|Any CPU
		{841A0F5B-C656-4536-A3DD-17EF5411A539}.Debug|Any CPU.Build.0 = Debug|Any CPU
		{841A0F5B-C656-4536-A3DD-17EF5411A539}.Release|Any CPU.ActiveCfg = Release|Any CPU
		{841A0F5B-C656-4536-A3DD-17EF5411A539}.Release|Any CPU.Build.0 = Release|Any CPU
		{BD32D033-A4C1-4678-9A99-DACC52062569}.Debug|Any CPU.ActiveCfg = Debug|Any CPU
		{BD32D033-A4C1-4678-9A99-DACC52062569}.Debug|Any CPU.Build.0 = Debug|Any CPU
		{BD32D033-A4C1-4678-9A99-DACC52062569}.Release|Any CPU.ActiveCfg = Release|Any CPU
		{BD32D033-A4C1-4678-9A99-DACC52062569}.Release|Any CPU.Build.0 = Release|Any CPU
		{FF9AF452-E915-4233-AA52-553916BAF113}.Debug|Any CPU.ActiveCfg = Debug|Any CPU
		{FF9AF452-E915-4233-AA52-553916BAF113}.Debug|Any CPU.Build.0 = Debug|Any CPU
		{FF9AF452-E915-4233-AA52-553916BAF113}.Release|Any CPU.ActiveCfg = Release|Any CPU
		{FF9AF452-E915-4233-AA52-553916BAF113}.Release|Any CPU.Build.0 = Release|Any CPU
		{4607C6DB-3DA0-4D2F-8EAF-D2157A94FD22}.Debug|Any CPU.ActiveCfg = Debug|Any CPU
		{4607C6DB-3DA0-4D2F-8EAF-D2157A94FD22}.Debug|Any CPU.Build.0 = Debug|Any CPU
		{4607C6DB-3DA0-4D2F-8EAF-D2157A94FD22}.Release|Any CPU.ActiveCfg = Release|Any CPU
		{4607C6DB-3DA0-4D2F-8EAF-D2157A94FD22}.Release|Any CPU.Build.0 = Release|Any CPU
		{70F691D1-7BF1-424E-9846-FBE677705550}.Debug|Any CPU.ActiveCfg = Debug|Any CPU
		{70F691D1-7BF1-424E-9846-FBE677705550}.Debug|Any CPU.Build.0 = Debug|Any CPU
		{70F691D1-7BF1-424E-9846-FBE677705550}.Release|Any CPU.ActiveCfg = Release|Any CPU
		{70F691D1-7BF1-424E-9846-FBE677705550}.Release|Any CPU.Build.0 = Release|Any CPU
	EndGlobalSection
	GlobalSection(SolutionProperties) = preSolution
		HideSolutionNode = FALSE
	EndGlobalSection
	GlobalSection(ExtensibilityGlobals) = postSolution
		SolutionGuid = {E4C987CA-9839-48F8-A979-FED2D4CA0647}
	EndGlobalSection
EndGlobal
